
Microsoft Visual Studio Solution File, Format Version 12.00
# Visual Studio Version 17
VisualStudioVersion = 17.4.33205.214
MinimumVisualStudioVersion = 10.0.40219.1
Project("{2150E333-8FDC-42A3-9474-1A3956D46DE8}") = "src", "src", "{24239A24-1F1C-4695-9363-8A84255C4A8C}"
EndProject
Project("{2150E333-8FDC-42A3-9474-1A3956D46DE8}") = "tests", "tests", "{836DE676-C960-4A9D-A6C7-197C02E0A6F5}"
EndProject
Project("{9A19103F-16F7-4668-BE54-9A1E7A4F7556}") = "Infrastructure", "Infrastructure\Infrastructure.csproj", "{CE7DBD8A-0B6F-4DD7-838C-8D0A04C93A7E}"
EndProject
Project("{9A19103F-16F7-4668-BE54-9A1E7A4F7556}") = "Domain", "Domain\Domain.csproj", "{A7CE0D8F-A30C-4804-ACF2-03123BC7AB9F}"
EndProject
Project("{9A19103F-16F7-4668-BE54-9A1E7A4F7556}") = "Application", "Application\Application.csproj", "{A43B9CBE-85A8-4023-8E3E-643D637B698D}"
EndProject
Project("{9A19103F-16F7-4668-BE54-9A1E7A4F7556}") = "WebAPI", "WebAPI\WebAPI.csproj", "{9A1593F0-777F-4F53-8EF5-03DF88EBACD1}"
EndProject
Project("{9A19103F-16F7-4668-BE54-9A1E7A4F7556}") = "Tests", "Tests\Tests.csproj", "{AE13E677-5C05-4ADA-B261-D6ADAA824703}"
EndProject
Project("{E53339B2-1760-4266-BCC7-CA923CBCF16C}") = "docker-compose", "docker-compose.dcproj", "{0B29CB90-D8AA-477C-893D-399BCFD6B2B8}"
EndProject
Project("{2150E333-8FDC-42A3-9474-1A3956D46DE8}") = "Solution Items", "Solution Items", "{D7F42E30-DB48-4F55-892A-7641B89D50C0}"
	ProjectSection(SolutionItems) = preProject
		README.md = README.md
	EndProjectSection
EndProject
Global
	GlobalSection(SolutionConfigurationPlatforms) = preSolution
		Debug|Any CPU = Debug|Any CPU
		Release|Any CPU = Release|Any CPU
	EndGlobalSection
	GlobalSection(ProjectConfigurationPlatforms) = postSolution
		{CE7DBD8A-0B6F-4DD7-838C-8D0A04C93A7E}.Debug|Any CPU.ActiveCfg = Debug|Any CPU
		{CE7DBD8A-0B6F-4DD7-838C-8D0A04C93A7E}.Debug|Any CPU.Build.0 = Debug|Any CPU
		{CE7DBD8A-0B6F-4DD7-838C-8D0A04C93A7E}.Release|Any CPU.ActiveCfg = Release|Any CPU
		{CE7DBD8A-0B6F-4DD7-838C-8D0A04C93A7E}.Release|Any CPU.Build.0 = Release|Any CPU
		{A7CE0D8F-A30C-4804-ACF2-03123BC7AB9F}.Debug|Any CPU.ActiveCfg = Debug|Any CPU
		{A7CE0D8F-A30C-4804-ACF2-03123BC7AB9F}.Debug|Any CPU.Build.0 = Debug|Any CPU
		{A7CE0D8F-A30C-4804-ACF2-03123BC7AB9F}.Release|Any CPU.ActiveCfg = Release|Any CPU
		{A7CE0D8F-A30C-4804-ACF2-03123BC7AB9F}.Release|Any CPU.Build.0 = Release|Any CPU
		{A43B9CBE-85A8-4023-8E3E-643D637B698D}.Debug|Any CPU.ActiveCfg = Debug|Any CPU
		{A43B9CBE-85A8-4023-8E3E-643D637B698D}.Debug|Any CPU.Build.0 = Debug|Any CPU
		{A43B9CBE-85A8-4023-8E3E-643D637B698D}.Release|Any CPU.ActiveCfg = Release|Any CPU
		{A43B9CBE-85A8-4023-8E3E-643D637B698D}.Release|Any CPU.Build.0 = Release|Any CPU
		{9A1593F0-777F-4F53-8EF5-03DF88EBACD1}.Debug|Any CPU.ActiveCfg = Debug|Any CPU
		{9A1593F0-777F-4F53-8EF5-03DF88EBACD1}.Debug|Any CPU.Build.0 = Debug|Any CPU
		{9A1593F0-777F-4F53-8EF5-03DF88EBACD1}.Release|Any CPU.ActiveCfg = Release|Any CPU
		{9A1593F0-777F-4F53-8EF5-03DF88EBACD1}.Release|Any CPU.Build.0 = Release|Any CPU
		{AE13E677-5C05-4ADA-B261-D6ADAA824703}.Debug|Any CPU.ActiveCfg = Debug|Any CPU
		{AE13E677-5C05-4ADA-B261-D6ADAA824703}.Debug|Any CPU.Build.0 = Debug|Any CPU
		{AE13E677-5C05-4ADA-B261-D6ADAA824703}.Release|Any CPU.ActiveCfg = Release|Any CPU
		{AE13E677-5C05-4ADA-B261-D6ADAA824703}.Release|Any CPU.Build.0 = Release|Any CPU
		{0B29CB90-D8AA-477C-893D-399BCFD6B2B8}.Debug|Any CPU.ActiveCfg = Debug|Any CPU
		{0B29CB90-D8AA-477C-893D-399BCFD6B2B8}.Debug|Any CPU.Build.0 = Debug|Any CPU
		{0B29CB90-D8AA-477C-893D-399BCFD6B2B8}.Release|Any CPU.ActiveCfg = Release|Any CPU
		{0B29CB90-D8AA-477C-893D-399BCFD6B2B8}.Release|Any CPU.Build.0 = Release|Any CPU
	EndGlobalSection
	GlobalSection(SolutionProperties) = preSolution
		HideSolutionNode = FALSE
	EndGlobalSection
	GlobalSection(NestedProjects) = preSolution
		{CE7DBD8A-0B6F-4DD7-838C-8D0A04C93A7E} = {24239A24-1F1C-4695-9363-8A84255C4A8C}
		{A7CE0D8F-A30C-4804-ACF2-03123BC7AB9F} = {24239A24-1F1C-4695-9363-8A84255C4A8C}
		{A43B9CBE-85A8-4023-8E3E-643D637B698D} = {24239A24-1F1C-4695-9363-8A84255C4A8C}
		{9A1593F0-777F-4F53-8EF5-03DF88EBACD1} = {24239A24-1F1C-4695-9363-8A84255C4A8C}
		{AE13E677-5C05-4ADA-B261-D6ADAA824703} = {836DE676-C960-4A9D-A6C7-197C02E0A6F5}
	EndGlobalSection
	GlobalSection(ExtensibilityGlobals) = postSolution
		SolutionGuid = {DB0B60E6-71B5-4FE4-9045-A6C3F9668484}
	EndGlobalSection
EndGlobal
